
Microsoft Visual Studio Solution File, Format Version 12.00
# Visual Studio Version 16
VisualStudioVersion = 16.0.30907.101
MinimumVisualStudioVersion = 10.0.40219.1
Project("{9A19103F-16F7-4668-BE54-9A1E7A4F7556}") = "VENodeExecutor", "VENodeExecutor\VENodeExecutor.csproj", "{23F5CDDA-7EBD-4F47-A38D-1ABFDFA28C67}"
EndProject
Project("{9A19103F-16F7-4668-BE54-9A1E7A4F7556}") = "NeblioRestApi", "NeblioRestApi\NeblioRestApi.csproj", "{4B6B17D3-4629-437D-AC92-0EFB395B3DCC}"
EndProject
Project("{9A19103F-16F7-4668-BE54-9A1E7A4F7556}") = "TestNeblio", "TestNeblio\TestNeblio.csproj", "{B3C4A4A3-88BD-4645-8947-371151DA8379}"
EndProject
Project("{9A19103F-16F7-4668-BE54-9A1E7A4F7556}") = "VEDrivers", "VEDrivers\VEDrivers.csproj", "{59D3E983-C441-4D0C-9427-7E6F446023F4}"
EndProject
Project("{9A19103F-16F7-4668-BE54-9A1E7A4F7556}") = "VEconomy", "VEconomy\VEconomy.csproj", "{BF180D25-7F40-4986-9F53-79E29EA6338B}"
EndProject
Project("{9A19103F-16F7-4668-BE54-9A1E7A4F7556}") = "VEUsersUtility", "VEUsersUtility\VEUsersUtility.csproj", "{FB1CA371-CF04-47D9-BAA2-E9D100BF3EB5}"
EndProject
Project("{9A19103F-16F7-4668-BE54-9A1E7A4F7556}") = "VEQTWalletExecutor", "VEQTWalletExecutor\VEQTWalletExecutor.csproj", "{75A7AA99-4075-4FB9-899B-A824F74FAF16}"
EndProject
Project("{9A19103F-16F7-4668-BE54-9A1E7A4F7556}") = "VEGameDrivers", "VEGameDrivers\VEGameDrivers.csproj", "{D389CE3D-BA81-4A95-9CA1-1973B6754432}"
EndProject
Project("{9A19103F-16F7-4668-BE54-9A1E7A4F7556}") = "VECryptographyUtilities", "VECryptographyUtilities\VECryptographyUtilities.csproj", "{293F2B44-F4B2-4C6A-A82A-CE57EDB65DE2}"
EndProject
Project("{9A19103F-16F7-4668-BE54-9A1E7A4F7556}") = "NeblioConsoleAppExample", "NeblioConsoleAppExample\NeblioConsoleAppExample.csproj", "{089BF369-C91D-471E-982B-B310F87DB40D}"
EndProject
Project("{54435603-DBB4-11D2-8724-00A0C9A8B90C}") = "VEconomySetup", "VEconomySetup\VEconomySetup.vdproj", "{2626BE56-027A-4920-B92D-7C5FE74B762D}"
EndProject
Project("{9A19103F-16F7-4668-BE54-9A1E7A4F7556}") = "VEDriversLite", "VEDriversLite\VEDriversLite.csproj", "{805723F0-913C-44FA-A76E-DED2B91DC519}"
EndProject
Project("{9A19103F-16F7-4668-BE54-9A1E7A4F7556}") = "VENFTApp-WPF", "VENFTApp-WPF\VENFTApp-WPF.csproj", "{CDE4838E-6029-4010-9193-7CE9642197D2}"
EndProject
Project("{9A19103F-16F7-4668-BE54-9A1E7A4F7556}") = "VENFTApp-Blazor", "VENFTApp-Blazor\VENFTApp-Blazor.csproj", "{E3C59C5B-830E-4430-A9A3-C13315A20B08}"
EndProject
Project("{9A19103F-16F7-4668-BE54-9A1E7A4F7556}") = "test", "test\test.csproj", "{AB8FC27D-E4A7-4316-B89F-93D3295AC3AB}"
EndProject
Project("{FAE04EC0-301F-11D3-BF4B-00C04F79EFBC}") = "VEDriversLiteConsoleAppExamples", "VEDriversLiteConsoleAppExamples\VEDriversLiteConsoleAppExamples.csproj", "{09DAC0A0-02CB-43F1-BE5F-67CF8C775F22}"
EndProject
Project("{FAE04EC0-301F-11D3-BF4B-00C04F79EFBC}") = "TestVEDriversLite", "TestVEDriversLite\TestVEDriversLite.csproj", "{064B40F2-1421-4648-99B7-835AA90E4608}"
EndProject
Global
	GlobalSection(SolutionConfigurationPlatforms) = preSolution
		Debug|Any CPU = Debug|Any CPU
		Debug|x64 = Debug|x64
		Debug|x86 = Debug|x86
		Release|Any CPU = Release|Any CPU
		Release|x64 = Release|x64
		Release|x86 = Release|x86
	EndGlobalSection
	GlobalSection(ProjectConfigurationPlatforms) = postSolution
		{23F5CDDA-7EBD-4F47-A38D-1ABFDFA28C67}.Debug|Any CPU.ActiveCfg = Debug|Any CPU
		{23F5CDDA-7EBD-4F47-A38D-1ABFDFA28C67}.Debug|Any CPU.Build.0 = Debug|Any CPU
		{23F5CDDA-7EBD-4F47-A38D-1ABFDFA28C67}.Debug|x64.ActiveCfg = Debug|Any CPU
		{23F5CDDA-7EBD-4F47-A38D-1ABFDFA28C67}.Debug|x64.Build.0 = Debug|Any CPU
		{23F5CDDA-7EBD-4F47-A38D-1ABFDFA28C67}.Debug|x86.ActiveCfg = Debug|Any CPU
		{23F5CDDA-7EBD-4F47-A38D-1ABFDFA28C67}.Debug|x86.Build.0 = Debug|Any CPU
		{23F5CDDA-7EBD-4F47-A38D-1ABFDFA28C67}.Release|Any CPU.ActiveCfg = Release|Any CPU
		{23F5CDDA-7EBD-4F47-A38D-1ABFDFA28C67}.Release|Any CPU.Build.0 = Release|Any CPU
		{23F5CDDA-7EBD-4F47-A38D-1ABFDFA28C67}.Release|x64.ActiveCfg = Release|Any CPU
		{23F5CDDA-7EBD-4F47-A38D-1ABFDFA28C67}.Release|x64.Build.0 = Release|Any CPU
		{23F5CDDA-7EBD-4F47-A38D-1ABFDFA28C67}.Release|x86.ActiveCfg = Release|Any CPU
		{23F5CDDA-7EBD-4F47-A38D-1ABFDFA28C67}.Release|x86.Build.0 = Release|Any CPU
		{4B6B17D3-4629-437D-AC92-0EFB395B3DCC}.Debug|Any CPU.ActiveCfg = Debug|Any CPU
		{4B6B17D3-4629-437D-AC92-0EFB395B3DCC}.Debug|Any CPU.Build.0 = Debug|Any CPU
		{4B6B17D3-4629-437D-AC92-0EFB395B3DCC}.Debug|x64.ActiveCfg = Debug|Any CPU
		{4B6B17D3-4629-437D-AC92-0EFB395B3DCC}.Debug|x64.Build.0 = Debug|Any CPU
		{4B6B17D3-4629-437D-AC92-0EFB395B3DCC}.Debug|x86.ActiveCfg = Debug|Any CPU
		{4B6B17D3-4629-437D-AC92-0EFB395B3DCC}.Debug|x86.Build.0 = Debug|Any CPU
		{4B6B17D3-4629-437D-AC92-0EFB395B3DCC}.Release|Any CPU.ActiveCfg = Release|Any CPU
		{4B6B17D3-4629-437D-AC92-0EFB395B3DCC}.Release|Any CPU.Build.0 = Release|Any CPU
		{4B6B17D3-4629-437D-AC92-0EFB395B3DCC}.Release|x64.ActiveCfg = Release|Any CPU
		{4B6B17D3-4629-437D-AC92-0EFB395B3DCC}.Release|x64.Build.0 = Release|Any CPU
		{4B6B17D3-4629-437D-AC92-0EFB395B3DCC}.Release|x86.ActiveCfg = Release|Any CPU
		{4B6B17D3-4629-437D-AC92-0EFB395B3DCC}.Release|x86.Build.0 = Release|Any CPU
		{B3C4A4A3-88BD-4645-8947-371151DA8379}.Debug|Any CPU.ActiveCfg = Debug|Any CPU
		{B3C4A4A3-88BD-4645-8947-371151DA8379}.Debug|Any CPU.Build.0 = Debug|Any CPU
		{B3C4A4A3-88BD-4645-8947-371151DA8379}.Debug|x64.ActiveCfg = Debug|Any CPU
		{B3C4A4A3-88BD-4645-8947-371151DA8379}.Debug|x64.Build.0 = Debug|Any CPU
		{B3C4A4A3-88BD-4645-8947-371151DA8379}.Debug|x86.ActiveCfg = Debug|Any CPU
		{B3C4A4A3-88BD-4645-8947-371151DA8379}.Debug|x86.Build.0 = Debug|Any CPU
		{B3C4A4A3-88BD-4645-8947-371151DA8379}.Release|Any CPU.ActiveCfg = Release|Any CPU
		{B3C4A4A3-88BD-4645-8947-371151DA8379}.Release|Any CPU.Build.0 = Release|Any CPU
		{B3C4A4A3-88BD-4645-8947-371151DA8379}.Release|x64.ActiveCfg = Release|Any CPU
		{B3C4A4A3-88BD-4645-8947-371151DA8379}.Release|x64.Build.0 = Release|Any CPU
		{B3C4A4A3-88BD-4645-8947-371151DA8379}.Release|x86.ActiveCfg = Release|Any CPU
		{B3C4A4A3-88BD-4645-8947-371151DA8379}.Release|x86.Build.0 = Release|Any CPU
		{59D3E983-C441-4D0C-9427-7E6F446023F4}.Debug|Any CPU.ActiveCfg = Debug|Any CPU
		{59D3E983-C441-4D0C-9427-7E6F446023F4}.Debug|Any CPU.Build.0 = Debug|Any CPU
		{59D3E983-C441-4D0C-9427-7E6F446023F4}.Debug|x64.ActiveCfg = Debug|Any CPU
		{59D3E983-C441-4D0C-9427-7E6F446023F4}.Debug|x64.Build.0 = Debug|Any CPU
		{59D3E983-C441-4D0C-9427-7E6F446023F4}.Debug|x86.ActiveCfg = Debug|Any CPU
		{59D3E983-C441-4D0C-9427-7E6F446023F4}.Debug|x86.Build.0 = Debug|Any CPU
		{59D3E983-C441-4D0C-9427-7E6F446023F4}.Release|Any CPU.ActiveCfg = Release|Any CPU
		{59D3E983-C441-4D0C-9427-7E6F446023F4}.Release|Any CPU.Build.0 = Release|Any CPU
		{59D3E983-C441-4D0C-9427-7E6F446023F4}.Release|x64.ActiveCfg = Release|Any CPU
		{59D3E983-C441-4D0C-9427-7E6F446023F4}.Release|x64.Build.0 = Release|Any CPU
		{59D3E983-C441-4D0C-9427-7E6F446023F4}.Release|x86.ActiveCfg = Release|Any CPU
		{59D3E983-C441-4D0C-9427-7E6F446023F4}.Release|x86.Build.0 = Release|Any CPU
		{BF180D25-7F40-4986-9F53-79E29EA6338B}.Debug|Any CPU.ActiveCfg = Debug|Any CPU
		{BF180D25-7F40-4986-9F53-79E29EA6338B}.Debug|Any CPU.Build.0 = Debug|Any CPU
		{BF180D25-7F40-4986-9F53-79E29EA6338B}.Debug|x64.ActiveCfg = Debug|x64
		{BF180D25-7F40-4986-9F53-79E29EA6338B}.Debug|x64.Build.0 = Debug|x64
		{BF180D25-7F40-4986-9F53-79E29EA6338B}.Debug|x86.ActiveCfg = Debug|Any CPU
		{BF180D25-7F40-4986-9F53-79E29EA6338B}.Debug|x86.Build.0 = Debug|Any CPU
		{BF180D25-7F40-4986-9F53-79E29EA6338B}.Release|Any CPU.ActiveCfg = Release|Any CPU
		{BF180D25-7F40-4986-9F53-79E29EA6338B}.Release|Any CPU.Build.0 = Release|Any CPU
		{BF180D25-7F40-4986-9F53-79E29EA6338B}.Release|x64.ActiveCfg = Release|x64
		{BF180D25-7F40-4986-9F53-79E29EA6338B}.Release|x64.Build.0 = Release|x64
		{BF180D25-7F40-4986-9F53-79E29EA6338B}.Release|x86.ActiveCfg = Release|Any CPU
		{BF180D25-7F40-4986-9F53-79E29EA6338B}.Release|x86.Build.0 = Release|Any CPU
		{FB1CA371-CF04-47D9-BAA2-E9D100BF3EB5}.Debug|Any CPU.ActiveCfg = Debug|Any CPU
		{FB1CA371-CF04-47D9-BAA2-E9D100BF3EB5}.Debug|Any CPU.Build.0 = Debug|Any CPU
		{FB1CA371-CF04-47D9-BAA2-E9D100BF3EB5}.Debug|x64.ActiveCfg = Debug|Any CPU
		{FB1CA371-CF04-47D9-BAA2-E9D100BF3EB5}.Debug|x64.Build.0 = Debug|Any CPU
		{FB1CA371-CF04-47D9-BAA2-E9D100BF3EB5}.Debug|x86.ActiveCfg = Debug|Any CPU
		{FB1CA371-CF04-47D9-BAA2-E9D100BF3EB5}.Debug|x86.Build.0 = Debug|Any CPU
		{FB1CA371-CF04-47D9-BAA2-E9D100BF3EB5}.Release|Any CPU.ActiveCfg = Release|Any CPU
		{FB1CA371-CF04-47D9-BAA2-E9D100BF3EB5}.Release|Any CPU.Build.0 = Release|Any CPU
		{FB1CA371-CF04-47D9-BAA2-E9D100BF3EB5}.Release|x64.ActiveCfg = Release|Any CPU
		{FB1CA371-CF04-47D9-BAA2-E9D100BF3EB5}.Release|x64.Build.0 = Release|Any CPU
		{FB1CA371-CF04-47D9-BAA2-E9D100BF3EB5}.Release|x86.ActiveCfg = Release|Any CPU
		{FB1CA371-CF04-47D9-BAA2-E9D100BF3EB5}.Release|x86.Build.0 = Release|Any CPU
		{75A7AA99-4075-4FB9-899B-A824F74FAF16}.Debug|Any CPU.ActiveCfg = Debug|Any CPU
		{75A7AA99-4075-4FB9-899B-A824F74FAF16}.Debug|Any CPU.Build.0 = Debug|Any CPU
		{75A7AA99-4075-4FB9-899B-A824F74FAF16}.Debug|x64.ActiveCfg = Debug|Any CPU
		{75A7AA99-4075-4FB9-899B-A824F74FAF16}.Debug|x64.Build.0 = Debug|Any CPU
		{75A7AA99-4075-4FB9-899B-A824F74FAF16}.Debug|x86.ActiveCfg = Debug|Any CPU
		{75A7AA99-4075-4FB9-899B-A824F74FAF16}.Debug|x86.Build.0 = Debug|Any CPU
		{75A7AA99-4075-4FB9-899B-A824F74FAF16}.Release|Any CPU.ActiveCfg = Release|Any CPU
		{75A7AA99-4075-4FB9-899B-A824F74FAF16}.Release|Any CPU.Build.0 = Release|Any CPU
		{75A7AA99-4075-4FB9-899B-A824F74FAF16}.Release|x64.ActiveCfg = Release|Any CPU
		{75A7AA99-4075-4FB9-899B-A824F74FAF16}.Release|x64.Build.0 = Release|Any CPU
		{75A7AA99-4075-4FB9-899B-A824F74FAF16}.Release|x86.ActiveCfg = Release|Any CPU
		{75A7AA99-4075-4FB9-899B-A824F74FAF16}.Release|x86.Build.0 = Release|Any CPU
		{D389CE3D-BA81-4A95-9CA1-1973B6754432}.Debug|Any CPU.ActiveCfg = Debug|Any CPU
		{D389CE3D-BA81-4A95-9CA1-1973B6754432}.Debug|Any CPU.Build.0 = Debug|Any CPU
		{D389CE3D-BA81-4A95-9CA1-1973B6754432}.Debug|x64.ActiveCfg = Debug|Any CPU
		{D389CE3D-BA81-4A95-9CA1-1973B6754432}.Debug|x64.Build.0 = Debug|Any CPU
		{D389CE3D-BA81-4A95-9CA1-1973B6754432}.Debug|x86.ActiveCfg = Debug|Any CPU
		{D389CE3D-BA81-4A95-9CA1-1973B6754432}.Debug|x86.Build.0 = Debug|Any CPU
		{D389CE3D-BA81-4A95-9CA1-1973B6754432}.Release|Any CPU.ActiveCfg = Release|Any CPU
		{D389CE3D-BA81-4A95-9CA1-1973B6754432}.Release|Any CPU.Build.0 = Release|Any CPU
		{D389CE3D-BA81-4A95-9CA1-1973B6754432}.Release|x64.ActiveCfg = Release|Any CPU
		{D389CE3D-BA81-4A95-9CA1-1973B6754432}.Release|x64.Build.0 = Release|Any CPU
		{D389CE3D-BA81-4A95-9CA1-1973B6754432}.Release|x86.ActiveCfg = Release|Any CPU
		{D389CE3D-BA81-4A95-9CA1-1973B6754432}.Release|x86.Build.0 = Release|Any CPU
		{293F2B44-F4B2-4C6A-A82A-CE57EDB65DE2}.Debug|Any CPU.ActiveCfg = Debug|Any CPU
		{293F2B44-F4B2-4C6A-A82A-CE57EDB65DE2}.Debug|Any CPU.Build.0 = Debug|Any CPU
		{293F2B44-F4B2-4C6A-A82A-CE57EDB65DE2}.Debug|x64.ActiveCfg = Debug|Any CPU
		{293F2B44-F4B2-4C6A-A82A-CE57EDB65DE2}.Debug|x64.Build.0 = Debug|Any CPU
		{293F2B44-F4B2-4C6A-A82A-CE57EDB65DE2}.Debug|x86.ActiveCfg = Debug|Any CPU
		{293F2B44-F4B2-4C6A-A82A-CE57EDB65DE2}.Debug|x86.Build.0 = Debug|Any CPU
		{293F2B44-F4B2-4C6A-A82A-CE57EDB65DE2}.Release|Any CPU.ActiveCfg = Release|Any CPU
		{293F2B44-F4B2-4C6A-A82A-CE57EDB65DE2}.Release|Any CPU.Build.0 = Release|Any CPU
		{293F2B44-F4B2-4C6A-A82A-CE57EDB65DE2}.Release|x64.ActiveCfg = Release|Any CPU
		{293F2B44-F4B2-4C6A-A82A-CE57EDB65DE2}.Release|x64.Build.0 = Release|Any CPU
		{293F2B44-F4B2-4C6A-A82A-CE57EDB65DE2}.Release|x86.ActiveCfg = Release|Any CPU
		{293F2B44-F4B2-4C6A-A82A-CE57EDB65DE2}.Release|x86.Build.0 = Release|Any CPU
		{089BF369-C91D-471E-982B-B310F87DB40D}.Debug|Any CPU.ActiveCfg = Debug|Any CPU
		{089BF369-C91D-471E-982B-B310F87DB40D}.Debug|Any CPU.Build.0 = Debug|Any CPU
		{089BF369-C91D-471E-982B-B310F87DB40D}.Debug|x64.ActiveCfg = Debug|Any CPU
		{089BF369-C91D-471E-982B-B310F87DB40D}.Debug|x64.Build.0 = Debug|Any CPU
		{089BF369-C91D-471E-982B-B310F87DB40D}.Debug|x86.ActiveCfg = Debug|Any CPU
		{089BF369-C91D-471E-982B-B310F87DB40D}.Debug|x86.Build.0 = Debug|Any CPU
		{089BF369-C91D-471E-982B-B310F87DB40D}.Release|Any CPU.ActiveCfg = Release|Any CPU
		{089BF369-C91D-471E-982B-B310F87DB40D}.Release|Any CPU.Build.0 = Release|Any CPU
		{089BF369-C91D-471E-982B-B310F87DB40D}.Release|x64.ActiveCfg = Release|Any CPU
		{089BF369-C91D-471E-982B-B310F87DB40D}.Release|x64.Build.0 = Release|Any CPU
		{089BF369-C91D-471E-982B-B310F87DB40D}.Release|x86.ActiveCfg = Release|Any CPU
		{089BF369-C91D-471E-982B-B310F87DB40D}.Release|x86.Build.0 = Release|Any CPU
		{2626BE56-027A-4920-B92D-7C5FE74B762D}.Debug|Any CPU.ActiveCfg = Debug
		{2626BE56-027A-4920-B92D-7C5FE74B762D}.Debug|x64.ActiveCfg = Debug
		{2626BE56-027A-4920-B92D-7C5FE74B762D}.Debug|x64.Build.0 = Debug
		{2626BE56-027A-4920-B92D-7C5FE74B762D}.Debug|x86.ActiveCfg = Debug
		{2626BE56-027A-4920-B92D-7C5FE74B762D}.Release|Any CPU.ActiveCfg = Release
		{2626BE56-027A-4920-B92D-7C5FE74B762D}.Release|x64.ActiveCfg = Release
		{2626BE56-027A-4920-B92D-7C5FE74B762D}.Release|x64.Build.0 = Release
		{2626BE56-027A-4920-B92D-7C5FE74B762D}.Release|x86.ActiveCfg = Release
		{805723F0-913C-44FA-A76E-DED2B91DC519}.Debug|Any CPU.ActiveCfg = Debug|Any CPU
		{805723F0-913C-44FA-A76E-DED2B91DC519}.Debug|Any CPU.Build.0 = Debug|Any CPU
		{805723F0-913C-44FA-A76E-DED2B91DC519}.Debug|x64.ActiveCfg = Debug|Any CPU
		{805723F0-913C-44FA-A76E-DED2B91DC519}.Debug|x64.Build.0 = Debug|Any CPU
		{805723F0-913C-44FA-A76E-DED2B91DC519}.Debug|x86.ActiveCfg = Debug|Any CPU
		{805723F0-913C-44FA-A76E-DED2B91DC519}.Debug|x86.Build.0 = Debug|Any CPU
		{805723F0-913C-44FA-A76E-DED2B91DC519}.Release|Any CPU.ActiveCfg = Release|Any CPU
		{805723F0-913C-44FA-A76E-DED2B91DC519}.Release|Any CPU.Build.0 = Release|Any CPU
		{805723F0-913C-44FA-A76E-DED2B91DC519}.Release|x64.ActiveCfg = Release|Any CPU
		{805723F0-913C-44FA-A76E-DED2B91DC519}.Release|x64.Build.0 = Release|Any CPU
		{805723F0-913C-44FA-A76E-DED2B91DC519}.Release|x86.ActiveCfg = Release|Any CPU
		{805723F0-913C-44FA-A76E-DED2B91DC519}.Release|x86.Build.0 = Release|Any CPU
		{CDE4838E-6029-4010-9193-7CE9642197D2}.Debug|Any CPU.ActiveCfg = Debug|Any CPU
		{CDE4838E-6029-4010-9193-7CE9642197D2}.Debug|Any CPU.Build.0 = Debug|Any CPU
		{CDE4838E-6029-4010-9193-7CE9642197D2}.Debug|x64.ActiveCfg = Debug|Any CPU
		{CDE4838E-6029-4010-9193-7CE9642197D2}.Debug|x64.Build.0 = Debug|Any CPU
		{CDE4838E-6029-4010-9193-7CE9642197D2}.Debug|x86.ActiveCfg = Debug|Any CPU
		{CDE4838E-6029-4010-9193-7CE9642197D2}.Debug|x86.Build.0 = Debug|Any CPU
		{CDE4838E-6029-4010-9193-7CE9642197D2}.Release|Any CPU.ActiveCfg = Release|Any CPU
		{CDE4838E-6029-4010-9193-7CE9642197D2}.Release|Any CPU.Build.0 = Release|Any CPU
		{CDE4838E-6029-4010-9193-7CE9642197D2}.Release|x64.ActiveCfg = Release|Any CPU
		{CDE4838E-6029-4010-9193-7CE9642197D2}.Release|x64.Build.0 = Release|Any CPU
		{CDE4838E-6029-4010-9193-7CE9642197D2}.Release|x86.ActiveCfg = Release|Any CPU
		{CDE4838E-6029-4010-9193-7CE9642197D2}.Release|x86.Build.0 = Release|Any CPU
		{E3C59C5B-830E-4430-A9A3-C13315A20B08}.Debug|Any CPU.ActiveCfg = Debug|Any CPU
		{E3C59C5B-830E-4430-A9A3-C13315A20B08}.Debug|Any CPU.Build.0 = Debug|Any CPU
		{E3C59C5B-830E-4430-A9A3-C13315A20B08}.Debug|x64.ActiveCfg = Debug|Any CPU
		{E3C59C5B-830E-4430-A9A3-C13315A20B08}.Debug|x64.Build.0 = Debug|Any CPU
		{E3C59C5B-830E-4430-A9A3-C13315A20B08}.Debug|x86.ActiveCfg = Debug|Any CPU
		{E3C59C5B-830E-4430-A9A3-C13315A20B08}.Debug|x86.Build.0 = Debug|Any CPU
		{E3C59C5B-830E-4430-A9A3-C13315A20B08}.Release|Any CPU.ActiveCfg = Release|Any CPU
		{E3C59C5B-830E-4430-A9A3-C13315A20B08}.Release|Any CPU.Build.0 = Release|Any CPU
		{E3C59C5B-830E-4430-A9A3-C13315A20B08}.Release|x64.ActiveCfg = Release|Any CPU
		{E3C59C5B-830E-4430-A9A3-C13315A20B08}.Release|x64.Build.0 = Release|Any CPU
		{E3C59C5B-830E-4430-A9A3-C13315A20B08}.Release|x86.ActiveCfg = Release|Any CPU
		{E3C59C5B-830E-4430-A9A3-C13315A20B08}.Release|x86.Build.0 = Release|Any CPU
		{AB8FC27D-E4A7-4316-B89F-93D3295AC3AB}.Debug|Any CPU.ActiveCfg = Debug|Any CPU
		{AB8FC27D-E4A7-4316-B89F-93D3295AC3AB}.Debug|Any CPU.Build.0 = Debug|Any CPU
		{AB8FC27D-E4A7-4316-B89F-93D3295AC3AB}.Debug|x64.ActiveCfg = Debug|Any CPU
		{AB8FC27D-E4A7-4316-B89F-93D3295AC3AB}.Debug|x64.Build.0 = Debug|Any CPU
		{AB8FC27D-E4A7-4316-B89F-93D3295AC3AB}.Debug|x86.ActiveCfg = Debug|Any CPU
		{AB8FC27D-E4A7-4316-B89F-93D3295AC3AB}.Debug|x86.Build.0 = Debug|Any CPU
		{AB8FC27D-E4A7-4316-B89F-93D3295AC3AB}.Release|Any CPU.ActiveCfg = Release|Any CPU
		{AB8FC27D-E4A7-4316-B89F-93D3295AC3AB}.Release|Any CPU.Build.0 = Release|Any CPU
		{AB8FC27D-E4A7-4316-B89F-93D3295AC3AB}.Release|x64.ActiveCfg = Release|Any CPU
		{AB8FC27D-E4A7-4316-B89F-93D3295AC3AB}.Release|x64.Build.0 = Release|Any CPU
		{AB8FC27D-E4A7-4316-B89F-93D3295AC3AB}.Release|x86.ActiveCfg = Release|Any CPU
		{AB8FC27D-E4A7-4316-B89F-93D3295AC3AB}.Release|x86.Build.0 = Release|Any CPU
		{09DAC0A0-02CB-43F1-BE5F-67CF8C775F22}.Debug|Any CPU.ActiveCfg = Debug|Any CPU
		{09DAC0A0-02CB-43F1-BE5F-67CF8C775F22}.Debug|Any CPU.Build.0 = Debug|Any CPU
		{09DAC0A0-02CB-43F1-BE5F-67CF8C775F22}.Debug|x64.ActiveCfg = Debug|Any CPU
		{09DAC0A0-02CB-43F1-BE5F-67CF8C775F22}.Debug|x64.Build.0 = Debug|Any CPU
		{09DAC0A0-02CB-43F1-BE5F-67CF8C775F22}.Debug|x86.ActiveCfg = Debug|Any CPU
		{09DAC0A0-02CB-43F1-BE5F-67CF8C775F22}.Debug|x86.Build.0 = Debug|Any CPU
		{09DAC0A0-02CB-43F1-BE5F-67CF8C775F22}.Release|Any CPU.ActiveCfg = Release|Any CPU
		{09DAC0A0-02CB-43F1-BE5F-67CF8C775F22}.Release|Any CPU.Build.0 = Release|Any CPU
		{09DAC0A0-02CB-43F1-BE5F-67CF8C775F22}.Release|x64.ActiveCfg = Release|Any CPU
		{09DAC0A0-02CB-43F1-BE5F-67CF8C775F22}.Release|x64.Build.0 = Release|Any CPU
		{09DAC0A0-02CB-43F1-BE5F-67CF8C775F22}.Release|x86.ActiveCfg = Release|Any CPU
		{09DAC0A0-02CB-43F1-BE5F-67CF8C775F22}.Release|x86.Build.0 = Release|Any CPU
		{064B40F2-1421-4648-99B7-835AA90E4608}.Debug|Any CPU.ActiveCfg = Debug|Any CPU
		{064B40F2-1421-4648-99B7-835AA90E4608}.Debug|Any CPU.Build.0 = Debug|Any CPU
		{064B40F2-1421-4648-99B7-835AA90E4608}.Debug|x64.ActiveCfg = Debug|Any CPU
		{064B40F2-1421-4648-99B7-835AA90E4608}.Debug|x64.Build.0 = Debug|Any CPU
		{064B40F2-1421-4648-99B7-835AA90E4608}.Debug|x86.ActiveCfg = Debug|Any CPU
		{064B40F2-1421-4648-99B7-835AA90E4608}.Debug|x86.Build.0 = Debug|Any CPU
		{064B40F2-1421-4648-99B7-835AA90E4608}.Release|Any CPU.ActiveCfg = Release|Any CPU
		{064B40F2-1421-4648-99B7-835AA90E4608}.Release|Any CPU.Build.0 = Release|Any CPU
		{064B40F2-1421-4648-99B7-835AA90E4608}.Release|x64.ActiveCfg = Release|Any CPU
		{064B40F2-1421-4648-99B7-835AA90E4608}.Release|x64.Build.0 = Release|Any CPU
		{064B40F2-1421-4648-99B7-835AA90E4608}.Release|x86.ActiveCfg = Release|Any CPU
		{064B40F2-1421-4648-99B7-835AA90E4608}.Release|x86.Build.0 = Release|Any CPU
	EndGlobalSection
	GlobalSection(SolutionProperties) = preSolution
		HideSolutionNode = FALSE
	EndGlobalSection
	GlobalSection(ExtensibilityGlobals) = postSolution
		SolutionGuid = {5CBC4B1A-B2F2-465F-9BC6-8E8E7475316A}
	EndGlobalSection
EndGlobal
